
Microsoft Visual Studio Solution File, Format Version 12.00
# Visual Studio Version 17
VisualStudioVersion = 17.9.34622.214
MinimumVisualStudioVersion = 10.0.40219.1
Project("{FAE04EC0-301F-11D3-BF4B-00C04F79EFBC}") = "SecilStoreCase.Entities", "SecilStoreCase.Entities\SecilStoreCase.Entities.csproj", "{93C2C340-00AD-45FF-9DEA-36DDD78DC341}"
EndProject
Project("{FAE04EC0-301F-11D3-BF4B-00C04F79EFBC}") = "SecilStoreCase.Dal.Interfaces", "SecilStoreCase.Dal.Interfaces\SecilStoreCase.Dal.Interfaces.csproj", "{E32E06CC-DE63-4E9E-82F4-0B7C50FC2CA7}"
EndProject
Project("{FAE04EC0-301F-11D3-BF4B-00C04F79EFBC}") = "SecilStoreCase.Dal.Mongo", "SecilStoreCase.Dal.Mongo\SecilStoreCase.Dal.Mongo.csproj", "{066B2AD3-1BB6-4511-8D17-FE82EC766294}"
EndProject
Project("{FAE04EC0-301F-11D3-BF4B-00C04F79EFBC}") = "SecilStoreCase.Business", "SecilStoreCase.Business\SecilStoreCase.Business.csproj", "{9CA01C35-B847-4829-8B10-148AAEA1E1DC}"
EndProject
Project("{FAE04EC0-301F-11D3-BF4B-00C04F79EFBC}") = "SecilStoreCase.WebApi", "SecilStoreCase.WebApi\SecilStoreCase.WebApi.csproj", "{7F61DA8E-6A29-47AE-B568-831122A9E7C1}"
EndProject
Global
	GlobalSection(SolutionConfigurationPlatforms) = preSolution
		Debug|Any CPU = Debug|Any CPU
		Release|Any CPU = Release|Any CPU
	EndGlobalSection
	GlobalSection(ProjectConfigurationPlatforms) = postSolution
		{93C2C340-00AD-45FF-9DEA-36DDD78DC341}.Debug|Any CPU.ActiveCfg = Debug|Any CPU
		{93C2C340-00AD-45FF-9DEA-36DDD78DC341}.Debug|Any CPU.Build.0 = Debug|Any CPU
		{93C2C340-00AD-45FF-9DEA-36DDD78DC341}.Release|Any CPU.ActiveCfg = Release|Any CPU
		{93C2C340-00AD-45FF-9DEA-36DDD78DC341}.Release|Any CPU.Build.0 = Release|Any CPU
		{E32E06CC-DE63-4E9E-82F4-0B7C50FC2CA7}.Debug|Any CPU.ActiveCfg = Debug|Any CPU
		{E32E06CC-DE63-4E9E-82F4-0B7C50FC2CA7}.Debug|Any CPU.Build.0 = Debug|Any CPU
		{E32E06CC-DE63-4E9E-82F4-0B7C50FC2CA7}.Release|Any CPU.ActiveCfg = Release|Any CPU
		{E32E06CC-DE63-4E9E-82F4-0B7C50FC2CA7}.Release|Any CPU.Build.0 = Release|Any CPU
		{066B2AD3-1BB6-4511-8D17-FE82EC766294}.Debug|Any CPU.ActiveCfg = Debug|Any CPU
		{066B2AD3-1BB6-4511-8D17-FE82EC766294}.Debug|Any CPU.Build.0 = Debug|Any CPU
		{066B2AD3-1BB6-4511-8D17-FE82EC766294}.Release|Any CPU.ActiveCfg = Release|Any CPU
		{066B2AD3-1BB6-4511-8D17-FE82EC766294}.Release|Any CPU.Build.0 = Release|Any CPU
		{9CA01C35-B847-4829-8B10-148AAEA1E1DC}.Debug|Any CPU.ActiveCfg = Debug|Any CPU
		{9CA01C35-B847-4829-8B10-148AAEA1E1DC}.Debug|Any CPU.Build.0 = Debug|Any CPU
		{9CA01C35-B847-4829-8B10-148AAEA1E1DC}.Release|Any CPU.ActiveCfg = Release|Any CPU
		{9CA01C35-B847-4829-8B10-148AAEA1E1DC}.Release|Any CPU.Build.0 = Release|Any CPU
		{7F61DA8E-6A29-47AE-B568-831122A9E7C1}.Debug|Any CPU.ActiveCfg = Debug|Any CPU
		{7F61DA8E-6A29-47AE-B568-831122A9E7C1}.Debug|Any CPU.Build.0 = Debug|Any CPU
		{7F61DA8E-6A29-47AE-B568-831122A9E7C1}.Release|Any CPU.ActiveCfg = Release|Any CPU
		{7F61DA8E-6A29-47AE-B568-831122A9E7C1}.Release|Any CPU.Build.0 = Release|Any CPU
	EndGlobalSection
	GlobalSection(SolutionProperties) = preSolution
		HideSolutionNode = FALSE
	EndGlobalSection
	GlobalSection(ExtensibilityGlobals) = postSolution
		SolutionGuid = {3F921958-1574-4817-8DF1-D80D80053A9D}
	EndGlobalSection
EndGlobal
